
Microsoft Visual Studio Solution File, Format Version 12.00
# Visual Studio Version 17
VisualStudioVersion = 17.11.35312.102
MinimumVisualStudioVersion = 10.0.40219.1
Project("{FAE04EC0-301F-11D3-BF4B-00C04F79EFBC}") = "CSharpStudyStudyWorkspace", "CSharpStudyStudyWorkspace\CSharpStudyStudyWorkspace.csproj", "{6D13D501-6000-420B-AD1E-ED8EFA70BBB8}"
EndProject
Project("{FAE04EC0-301F-11D3-BF4B-00C04F79EFBC}") = "CSharpBaseCode", "CSharpBaseCode\CSharpBaseCode.csproj", "{A2F05B6A-8983-4BB9-AD77-21547AD64E40}"
EndProject
Project("{2150E333-8FDC-42A3-9474-1A3956D46DE8}") = "解决方案项", "解决方案项", "{CF007890-8527-4478-A0F2-A413037C2B60}"
	ProjectSection(SolutionItems) = preProject
		README.md = README.md
	EndProjectSection
EndProject
Project("{FAE04EC0-301F-11D3-BF4B-00C04F79EFBC}") = "基本数据类型Library", "基本数据类型Library\基本数据类型Library.csproj", "{61F28A23-23BF-423F-A39A-7BBEE81C9931}"
EndProject
Project("{FAE04EC0-301F-11D3-BF4B-00C04F79EFBC}") = "数据结构与算法", "数据结构与算法\数据结构与算法.csproj", "{87D36312-E8AA-41C3-9342-93054F6C8248}"
EndProject
Project("{FAE04EC0-301F-11D3-BF4B-00C04F79EFBC}") = "CSharp高级", "类和对象\CSharp高级.csproj", "{448D770C-5694-45F6-B9B2-C3E9F8D63748}"
EndProject
Project("{FAE04EC0-301F-11D3-BF4B-00C04F79EFBC}") = "CourseManageUI", "ProjectUITeach\CourseManageUI.csproj", "{DF224631-1019-4D79-BAA9-F38B7DFC18E4}"
EndProject
Project("{FAE04EC0-301F-11D3-BF4B-00C04F79EFBC}") = "SuperLottoRandomSelect", "SuperLottoRandomSelect\SuperLottoRandomSelect.csproj", "{1E4AB391-5474-401D-B0FB-38AE31AB7372}"
EndProject
Project("{FAE04EC0-301F-11D3-BF4B-00C04F79EFBC}") = "DataBaseSQLConnectDemo", "DataBaseSQLConnectDemo\DataBaseSQLConnectDemo.csproj", "{366EB532-0A62-4D39-8EED-858BA709BBFF}"
EndProject
Project("{2150E333-8FDC-42A3-9474-1A3956D46DE8}") = "基于三层架构的设计", "基于三层架构的设计", "{766B2760-2258-40E0-912C-01538F78CF67}"
EndProject
Project("{FAE04EC0-301F-11D3-BF4B-00C04F79EFBC}") = "MyProjectUI", "MyProjectUI\MyProjectUI.csproj", "{ED495C9C-8731-4B7D-9AB9-787416B7CFA8}"
EndProject
Project("{FAE04EC0-301F-11D3-BF4B-00C04F79EFBC}") = "BLL", "BLL\BLL.csproj", "{AE7E8F1D-B809-4C7B-8C0E-3E06B955B42E}"
EndProject
Project("{FAE04EC0-301F-11D3-BF4B-00C04F79EFBC}") = "DAL", "DAL\DAL.csproj", "{E145B41A-140E-43CC-9BA0-8AF79003CAFD}"
EndProject
Project("{FAE04EC0-301F-11D3-BF4B-00C04F79EFBC}") = "Models", "Models\Models.csproj", "{E3FA32A5-8EFB-464A-9D31-DA0AEA7CE1BD}"
EndProject
Project("{2150E333-8FDC-42A3-9474-1A3956D46DE8}") = "课程管理系统预科的", "课程管理系统预科的", "{EFAA3B61-C417-44EE-A082-3032C7519DA0}"
EndProject
Project("{FAE04EC0-301F-11D3-BF4B-00C04F79EFBC}") = "CourseManageUI", "CourseManageUI\CourseManageUI.csproj", "{6A774690-AE1F-4A8D-8A85-6E6B022775EC}"
EndProject
Project("{FAE04EC0-301F-11D3-BF4B-00C04F79EFBC}") = "CourseManageModels", "CourseManageModels\CourseManageModels.csproj", "{FFF307E7-567D-478F-A5E9-A7E7C5670A68}"
EndProject
Project("{FAE04EC0-301F-11D3-BF4B-00C04F79EFBC}") = "CourseManageDAL", "CourseManageDAL\CourseManageDAL.csproj", "{5D139ECA-0C99-4BBE-9122-61B5F3828905}"
EndProject
Project("{FAE04EC0-301F-11D3-BF4B-00C04F79EFBC}") = "CourseManageBLL", "CourseManageBLL\CourseManageBLL.csproj", "{65626844-0D43-4F31-9648-F5E08DECB669}"
EndProject
Project("{2150E333-8FDC-42A3-9474-1A3956D46DE8}") = "设计模式", "设计模式", "{36E73D2C-32BF-4FF6-AD4D-80AE7FF9050C}"
EndProject
Global
	GlobalSection(SolutionConfigurationPlatforms) = preSolution
		Debug|Any CPU = Debug|Any CPU
		Release|Any CPU = Release|Any CPU
	EndGlobalSection
	GlobalSection(ProjectConfigurationPlatforms) = postSolution
		{6D13D501-6000-420B-AD1E-ED8EFA70BBB8}.Debug|Any CPU.ActiveCfg = Debug|Any CPU
		{6D13D501-6000-420B-AD1E-ED8EFA70BBB8}.Debug|Any CPU.Build.0 = Debug|Any CPU
		{6D13D501-6000-420B-AD1E-ED8EFA70BBB8}.Release|Any CPU.ActiveCfg = Release|Any CPU
		{6D13D501-6000-420B-AD1E-ED8EFA70BBB8}.Release|Any CPU.Build.0 = Release|Any CPU
		{A2F05B6A-8983-4BB9-AD77-21547AD64E40}.Debug|Any CPU.ActiveCfg = Debug|Any CPU
		{A2F05B6A-8983-4BB9-AD77-21547AD64E40}.Debug|Any CPU.Build.0 = Debug|Any CPU
		{A2F05B6A-8983-4BB9-AD77-21547AD64E40}.Release|Any CPU.ActiveCfg = Release|Any CPU
		{A2F05B6A-8983-4BB9-AD77-21547AD64E40}.Release|Any CPU.Build.0 = Release|Any CPU
		{61F28A23-23BF-423F-A39A-7BBEE81C9931}.Debug|Any CPU.ActiveCfg = Debug|Any CPU
		{61F28A23-23BF-423F-A39A-7BBEE81C9931}.Debug|Any CPU.Build.0 = Debug|Any CPU
		{61F28A23-23BF-423F-A39A-7BBEE81C9931}.Release|Any CPU.ActiveCfg = Release|Any CPU
		{61F28A23-23BF-423F-A39A-7BBEE81C9931}.Release|Any CPU.Build.0 = Release|Any CPU
		{87D36312-E8AA-41C3-9342-93054F6C8248}.Debug|Any CPU.ActiveCfg = Debug|Any CPU
		{87D36312-E8AA-41C3-9342-93054F6C8248}.Debug|Any CPU.Build.0 = Debug|Any CPU
		{87D36312-E8AA-41C3-9342-93054F6C8248}.Release|Any CPU.ActiveCfg = Release|Any CPU
		{87D36312-E8AA-41C3-9342-93054F6C8248}.Release|Any CPU.Build.0 = Release|Any CPU
		{448D770C-5694-45F6-B9B2-C3E9F8D63748}.Debug|Any CPU.ActiveCfg = Debug|Any CPU
		{448D770C-5694-45F6-B9B2-C3E9F8D63748}.Debug|Any CPU.Build.0 = Debug|Any CPU
		{448D770C-5694-45F6-B9B2-C3E9F8D63748}.Release|Any CPU.ActiveCfg = Release|Any CPU
		{448D770C-5694-45F6-B9B2-C3E9F8D63748}.Release|Any CPU.Build.0 = Release|Any CPU
		{DF224631-1019-4D79-BAA9-F38B7DFC18E4}.Debug|Any CPU.ActiveCfg = Debug|Any CPU
		{DF224631-1019-4D79-BAA9-F38B7DFC18E4}.Debug|Any CPU.Build.0 = Debug|Any CPU
		{DF224631-1019-4D79-BAA9-F38B7DFC18E4}.Release|Any CPU.ActiveCfg = Release|Any CPU
		{DF224631-1019-4D79-BAA9-F38B7DFC18E4}.Release|Any CPU.Build.0 = Release|Any CPU
		{1E4AB391-5474-401D-B0FB-38AE31AB7372}.Debug|Any CPU.ActiveCfg = Debug|Any CPU
		{1E4AB391-5474-401D-B0FB-38AE31AB7372}.Debug|Any CPU.Build.0 = Debug|Any CPU
		{1E4AB391-5474-401D-B0FB-38AE31AB7372}.Release|Any CPU.ActiveCfg = Release|Any CPU
		{1E4AB391-5474-401D-B0FB-38AE31AB7372}.Release|Any CPU.Build.0 = Release|Any CPU
		{366EB532-0A62-4D39-8EED-858BA709BBFF}.Debug|Any CPU.ActiveCfg = Debug|Any CPU
		{366EB532-0A62-4D39-8EED-858BA709BBFF}.Debug|Any CPU.Build.0 = Debug|Any CPU
		{366EB532-0A62-4D39-8EED-858BA709BBFF}.Release|Any CPU.ActiveCfg = Release|Any CPU
		{366EB532-0A62-4D39-8EED-858BA709BBFF}.Release|Any CPU.Build.0 = Release|Any CPU
		{ED495C9C-8731-4B7D-9AB9-787416B7CFA8}.Debug|Any CPU.ActiveCfg = Debug|Any CPU
		{ED495C9C-8731-4B7D-9AB9-787416B7CFA8}.Debug|Any CPU.Build.0 = Debug|Any CPU
		{ED495C9C-8731-4B7D-9AB9-787416B7CFA8}.Release|Any CPU.ActiveCfg = Release|Any CPU
		{ED495C9C-8731-4B7D-9AB9-787416B7CFA8}.Release|Any CPU.Build.0 = Release|Any CPU
		{AE7E8F1D-B809-4C7B-8C0E-3E06B955B42E}.Debug|Any CPU.ActiveCfg = Debug|Any CPU
		{AE7E8F1D-B809-4C7B-8C0E-3E06B955B42E}.Debug|Any CPU.Build.0 = Debug|Any CPU
		{AE7E8F1D-B809-4C7B-8C0E-3E06B955B42E}.Release|Any CPU.ActiveCfg = Release|Any CPU
		{AE7E8F1D-B809-4C7B-8C0E-3E06B955B42E}.Release|Any CPU.Build.0 = Release|Any CPU
		{E145B41A-140E-43CC-9BA0-8AF79003CAFD}.Debug|Any CPU.ActiveCfg = Debug|Any CPU
		{E145B41A-140E-43CC-9BA0-8AF79003CAFD}.Debug|Any CPU.Build.0 = Debug|Any CPU
		{E145B41A-140E-43CC-9BA0-8AF79003CAFD}.Release|Any CPU.ActiveCfg = Release|Any CPU
		{E145B41A-140E-43CC-9BA0-8AF79003CAFD}.Release|Any CPU.Build.0 = Release|Any CPU
		{E3FA32A5-8EFB-464A-9D31-DA0AEA7CE1BD}.Debug|Any CPU.ActiveCfg = Debug|Any CPU
		{E3FA32A5-8EFB-464A-9D31-DA0AEA7CE1BD}.Debug|Any CPU.Build.0 = Debug|Any CPU
		{E3FA32A5-8EFB-464A-9D31-DA0AEA7CE1BD}.Release|Any CPU.ActiveCfg = Release|Any CPU
		{E3FA32A5-8EFB-464A-9D31-DA0AEA7CE1BD}.Release|Any CPU.Build.0 = Release|Any CPU
		{6A774690-AE1F-4A8D-8A85-6E6B022775EC}.Debug|Any CPU.ActiveCfg = Debug|Any CPU
		{6A774690-AE1F-4A8D-8A85-6E6B022775EC}.Debug|Any CPU.Build.0 = Debug|Any CPU
		{6A774690-AE1F-4A8D-8A85-6E6B022775EC}.Release|Any CPU.ActiveCfg = Release|Any CPU
		{6A774690-AE1F-4A8D-8A85-6E6B022775EC}.Release|Any CPU.Build.0 = Release|Any CPU
		{FFF307E7-567D-478F-A5E9-A7E7C5670A68}.Debug|Any CPU.ActiveCfg = Debug|Any CPU
		{FFF307E7-567D-478F-A5E9-A7E7C5670A68}.Debug|Any CPU.Build.0 = Debug|Any CPU
		{FFF307E7-567D-478F-A5E9-A7E7C5670A68}.Release|Any CPU.ActiveCfg = Release|Any CPU
		{FFF307E7-567D-478F-A5E9-A7E7C5670A68}.Release|Any CPU.Build.0 = Release|Any CPU
		{5D139ECA-0C99-4BBE-9122-61B5F3828905}.Debug|Any CPU.ActiveCfg = Debug|Any CPU
		{5D139ECA-0C99-4BBE-9122-61B5F3828905}.Debug|Any CPU.Build.0 = Debug|Any CPU
		{5D139ECA-0C99-4BBE-9122-61B5F3828905}.Release|Any CPU.ActiveCfg = Release|Any CPU
		{5D139ECA-0C99-4BBE-9122-61B5F3828905}.Release|Any CPU.Build.0 = Release|Any CPU
		{65626844-0D43-4F31-9648-F5E08DECB669}.Debug|Any CPU.ActiveCfg = Debug|Any CPU
		{65626844-0D43-4F31-9648-F5E08DECB669}.Debug|Any CPU.Build.0 = Debug|Any CPU
		{65626844-0D43-4F31-9648-F5E08DECB669}.Release|Any CPU.ActiveCfg = Release|Any CPU
		{65626844-0D43-4F31-9648-F5E08DECB669}.Release|Any CPU.Build.0 = Release|Any CPU
	EndGlobalSection
	GlobalSection(SolutionProperties) = preSolution
		HideSolutionNode = FALSE
	EndGlobalSection
	GlobalSection(NestedProjects) = preSolution
		{ED495C9C-8731-4B7D-9AB9-787416B7CFA8} = {766B2760-2258-40E0-912C-01538F78CF67}
		{AE7E8F1D-B809-4C7B-8C0E-3E06B955B42E} = {766B2760-2258-40E0-912C-01538F78CF67}
		{E145B41A-140E-43CC-9BA0-8AF79003CAFD} = {766B2760-2258-40E0-912C-01538F78CF67}
		{E3FA32A5-8EFB-464A-9D31-DA0AEA7CE1BD} = {766B2760-2258-40E0-912C-01538F78CF67}
		{6A774690-AE1F-4A8D-8A85-6E6B022775EC} = {EFAA3B61-C417-44EE-A082-3032C7519DA0}
		{FFF307E7-567D-478F-A5E9-A7E7C5670A68} = {EFAA3B61-C417-44EE-A082-3032C7519DA0}
		{5D139ECA-0C99-4BBE-9122-61B5F3828905} = {EFAA3B61-C417-44EE-A082-3032C7519DA0}
		{65626844-0D43-4F31-9648-F5E08DECB669} = {EFAA3B61-C417-44EE-A082-3032C7519DA0}
	EndGlobalSection
	GlobalSection(ExtensibilityGlobals) = postSolution
		SolutionGuid = {1FA1192B-BF96-4B86-A6F9-91972D7C9F53}
	EndGlobalSection
EndGlobal
