
Microsoft Visual Studio Solution File, Format Version 12.00
# Visual Studio Version 18
VisualStudioVersion = 18.0.11111.16 d18.0
MinimumVisualStudioVersion = 10.0.40219.1
Project("{FAE04EC0-301F-11D3-BF4B-00C04F79EFBC}") = "CSharpStudyStudyWorkspace", "CSharpStudyStudyWorkspace\CSharpStudyStudyWorkspace.csproj", "{6D13D501-6000-420B-AD1E-ED8EFA70BBB8}"
EndProject
Project("{FAE04EC0-301F-11D3-BF4B-00C04F79EFBC}") = "CSharpBaseCode", "CSharpBaseCode\CSharpBaseCode.csproj", "{A2F05B6A-8983-4BB9-AD77-21547AD64E40}"
EndProject
Project("{2150E333-8FDC-42A3-9474-1A3956D46DE8}") = "解决方案项", "解决方案项", "{CF007890-8527-4478-A0F2-A413037C2B60}"
	ProjectSection(SolutionItems) = preProject
		README.md = README.md
	EndProjectSection
EndProject
Project("{FAE04EC0-301F-11D3-BF4B-00C04F79EFBC}") = "基本数据类型Library", "基本数据类型Library\基本数据类型Library.csproj", "{61F28A23-23BF-423F-A39A-7BBEE81C9931}"
EndProject
Project("{FAE04EC0-301F-11D3-BF4B-00C04F79EFBC}") = "数据结构与算法", "数据结构与算法\数据结构与算法.csproj", "{87D36312-E8AA-41C3-9342-93054F6C8248}"
EndProject
Project("{FAE04EC0-301F-11D3-BF4B-00C04F79EFBC}") = "CSharp高级", "类和对象\CSharp高级.csproj", "{448D770C-5694-45F6-B9B2-C3E9F8D63748}"
EndProject
Project("{FAE04EC0-301F-11D3-BF4B-00C04F79EFBC}") = "CourseManageUI", "ProjectUITeach\CourseManageUI.csproj", "{DF224631-1019-4D79-BAA9-F38B7DFC18E4}"
EndProject
Project("{FAE04EC0-301F-11D3-BF4B-00C04F79EFBC}") = "SuperLottoRandomSelect", "SuperLottoRandomSelect\SuperLottoRandomSelect.csproj", "{1E4AB391-5474-401D-B0FB-38AE31AB7372}"
EndProject
Project("{FAE04EC0-301F-11D3-BF4B-00C04F79EFBC}") = "DataBaseSQLConnectDemo", "DataBaseSQLConnectDemo\DataBaseSQLConnectDemo.csproj", "{366EB532-0A62-4D39-8EED-858BA709BBFF}"
EndProject
Project("{2150E333-8FDC-42A3-9474-1A3956D46DE8}") = "基于三层架构的设计", "基于三层架构的设计", "{766B2760-2258-40E0-912C-01538F78CF67}"
EndProject
Project("{FAE04EC0-301F-11D3-BF4B-00C04F79EFBC}") = "MyProjectUI", "MyProjectUI\MyProjectUI.csproj", "{ED495C9C-8731-4B7D-9AB9-787416B7CFA8}"
EndProject
Project("{FAE04EC0-301F-11D3-BF4B-00C04F79EFBC}") = "BLL", "BLL\BLL.csproj", "{AE7E8F1D-B809-4C7B-8C0E-3E06B955B42E}"
EndProject
Project("{FAE04EC0-301F-11D3-BF4B-00C04F79EFBC}") = "DAL", "DAL\DAL.csproj", "{E145B41A-140E-43CC-9BA0-8AF79003CAFD}"
EndProject
Project("{FAE04EC0-301F-11D3-BF4B-00C04F79EFBC}") = "Models", "Models\Models.csproj", "{E3FA32A5-8EFB-464A-9D31-DA0AEA7CE1BD}"
EndProject
Project("{2150E333-8FDC-42A3-9474-1A3956D46DE8}") = "课程管理系统预科的", "课程管理系统预科的", "{EFAA3B61-C417-44EE-A082-3032C7519DA0}"
EndProject
Project("{FAE04EC0-301F-11D3-BF4B-00C04F79EFBC}") = "CourseManageUI", "CourseManageUI\CourseManageUI.csproj", "{6A774690-AE1F-4A8D-8A85-6E6B022775EC}"
EndProject
Project("{FAE04EC0-301F-11D3-BF4B-00C04F79EFBC}") = "CourseManageModels", "CourseManageModels\CourseManageModels.csproj", "{FFF307E7-567D-478F-A5E9-A7E7C5670A68}"
EndProject
Project("{FAE04EC0-301F-11D3-BF4B-00C04F79EFBC}") = "CourseManageDAL", "CourseManageDAL\CourseManageDAL.csproj", "{5D139ECA-0C99-4BBE-9122-61B5F3828905}"
EndProject
Project("{FAE04EC0-301F-11D3-BF4B-00C04F79EFBC}") = "CourseManageBLL", "CourseManageBLL\CourseManageBLL.csproj", "{65626844-0D43-4F31-9648-F5E08DECB669}"
EndProject
Project("{2150E333-8FDC-42A3-9474-1A3956D46DE8}") = "设计模式", "设计模式", "{36E73D2C-32BF-4FF6-AD4D-80AE7FF9050C}"
EndProject
Project("{2150E333-8FDC-42A3-9474-1A3956D46DE8}") = "喜课堂练习代码", "喜课堂练习代码", "{2DE394F1-71B7-4610-B15D-F1870DA95585}"
EndProject
Project("{FAE04EC0-301F-11D3-BF4B-00C04F79EFBC}") = "TestMain1", "TestMain\TestMain1.csproj", "{10868BE4-894E-4FC0-A130-956EFA933AE3}"
EndProject
Project("{FAE04EC0-301F-11D3-BF4B-00C04F79EFBC}") = "双色球项目", "双色球项目\双色球项目.csproj", "{16FBA765-4CC3-4EF5-A70D-6A92BEF0BF55}"
EndProject
Project("{2150E333-8FDC-42A3-9474-1A3956D46DE8}") = "CSharp语法进阶部分", "CSharp语法进阶部分", "{4586BA96-A8F2-4C51-A06A-1B0647546FA5}"
EndProject
Project("{FAE04EC0-301F-11D3-BF4B-00C04F79EFBC}") = "Csharp进阶部分", "Csharp进阶部分\Csharp进阶部分.csproj", "{E5ED0C1D-03D7-4919-ACC5-519D06ECD9F0}"
EndProject
Project("{FAE04EC0-301F-11D3-BF4B-00C04F79EFBC}") = "CSharp多线程", "CSharp多线程\CSharp多线程.csproj", "{8B7D0F1E-0648-408E-B5D9-61B7E03C4891}"
EndProject
Project("{2150E333-8FDC-42A3-9474-1A3956D46DE8}") = "通信", "通信", "{9DBD69B2-EF46-4F45-9F27-86B5AA9CE676}"
EndProject
Project("{FAE04EC0-301F-11D3-BF4B-00C04F79EFBC}") = "SerialPortHelperDemo", "SerialPortHelper\SerialPortHelper\SerialPortHelperDemo.csproj", "{6295B8C4-0A01-4BC2-8DFE-E5D96B553075}"
EndProject
Project("{2150E333-8FDC-42A3-9474-1A3956D46DE8}") = "winformwork开发", "winformwork开发", "{39869FD2-0FF0-45EF-B7A1-D92B4830F37A}"
EndProject
Project("{FAE04EC0-301F-11D3-BF4B-00C04F79EFBC}") = "Winform控件二次开发", "控件的二次开发\Winform控件二次开发\Winform控件二次开发.csproj", "{6AE7C490-D821-4EC8-9FBC-D39AEB8FFB17}"
EndProject
Project("{FAE04EC0-301F-11D3-BF4B-00C04F79EFBC}") = "MyUiControl", "控件的二次开发\MyUiControl\MyUiControl.csproj", "{A965547D-B148-46F4-A224-B742667B327A}"
EndProject
Project("{2150E333-8FDC-42A3-9474-1A3956D46DE8}") = "案例集合", "案例集合", "{46C47C80-8A12-4FE8-B86F-67CCB7032A61}"
EndProject
Project("{FAE04EC0-301F-11D3-BF4B-00C04F79EFBC}") = "delegates多窗体之间通信", "delegates多窗体之间通信\delegates多窗体之间通信.csproj", "{3BFCBA58-B007-4DBE-8FCE-1D87C7B7322B}"
EndProject
Project("{FAE04EC0-301F-11D3-BF4B-00C04F79EFBC}") = "DelegateApp", "DelegatePractice\DelegateApp\DelegateApp.csproj", "{508D5501-6D45-432A-AE3B-D6CF4579F8D7}"
EndProject
Project("{FAE04EC0-301F-11D3-BF4B-00C04F79EFBC}") = "JSONStudy", "案例集合\lgbPrivateStudyWorkspace\JSONStudy\JSONStudy.csproj", "{F42F5A7D-922B-4895-90AD-9161E290E613}"
EndProject
Project("{FAE04EC0-301F-11D3-BF4B-00C04F79EFBC}") = "XMLStudy", "案例集合\lgbPrivateStudyWorkspace\XMLStudy\XMLStudy.csproj", "{6BA6F2E5-91C7-47D1-8D69-E41E563D5B8C}"
EndProject
Project("{FAE04EC0-301F-11D3-BF4B-00C04F79EFBC}") = "xml值对比", "案例集合\lgbPrivateStudyWorkspace\xml值对比和Excel导出\xml值对比.csproj", "{70EB628D-14D4-4BDE-B5D2-AECD0E34B534}"
EndProject
Project("{FAE04EC0-301F-11D3-BF4B-00C04F79EFBC}") = "EventDemo", "EventDemo\EventDemo.csproj", "{E8260A47-FFA8-4313-A9A4-0496FDB6AF77}"
EndProject
Project("{FAE04EC0-301F-11D3-BF4B-00C04F79EFBC}") = "Lambda的使用", "Lambda的使用\Lambda的使用.csproj", "{6EAFE14F-E147-4DC1-8F5E-CC61E10E9D36}"
EndProject
Project("{FAE04EC0-301F-11D3-BF4B-00C04F79EFBC}") = "扩展方法", "扩展方法\扩展方法.csproj", "{CE279817-7F04-4AED-87F6-11D7F9DB3549}"
EndProject
Project("{FAE04EC0-301F-11D3-BF4B-00C04F79EFBC}") = "MultiLanguageDemo2JSON", "案例集合\lgbPrivateStudyWorkspace\MultiLanguage\MultiLanguageDemo2JSON\MultiLanguageDemo2JSON.csproj", "{CE8473CD-DD50-4EBB-B20F-33E60B509D44}"
EndProject
Project("{FAE04EC0-301F-11D3-BF4B-00C04F79EFBC}") = "MultiLanguageDemo", "案例集合\lgbPrivateStudyWorkspace\MultiLanguage\MultiLanguageDemo\MultiLanguageDemo.csproj", "{EAD0F9B8-862B-4812-843E-374D1A2FA74B}"
EndProject
Project("{2150E333-8FDC-42A3-9474-1A3956D46DE8}") = "GDI+", "GDI+", "{02EA681E-C7D8-13C7-8484-4AC65E1B71E8}"
EndProject
Project("{FAE04EC0-301F-11D3-BF4B-00C04F79EFBC}") = "demo1", "GDI+\demo1\demo1.csproj", "{BA82F45B-627B-44AA-90D5-63B09A01A40C}"
EndProject
Project("{FAE04EC0-301F-11D3-BF4B-00C04F79EFBC}") = "ImageList控件", "windows控件使用\ImageList控件\ImageList控件.csproj", "{2A73A9A9-48F3-4069-8E2B-5712B9F68A69}"
EndProject
Project("{FAE04EC0-301F-11D3-BF4B-00C04F79EFBC}") = "winform常用控件", "winform常用控件\winform常用控件.csproj", "{7DA8AC96-5612-48E2-A244-37530CF6FC4B}"
EndProject
Project("{FAE04EC0-301F-11D3-BF4B-00C04F79EFBC}") = "demo2", "GDI+\demo2\demo2.csproj", "{21A8D80D-324B-4BA6-B199-D041664A7F42}"
EndProject
Project("{2150E333-8FDC-42A3-9474-1A3956D46DE8}") = "WPF学习", "WPF学习", "{52A3368E-F9C6-4BFA-8305-8D5270DC21CB}"
EndProject
Project("{FAE04EC0-301F-11D3-BF4B-00C04F79EFBC}") = "WpfApp1", "WPF\WpfApp1\WpfApp1.csproj", "{459FA557-FE79-492D-8E27-52F91A075815}"
EndProject
Global
	GlobalSection(SolutionConfigurationPlatforms) = preSolution
		Debug|Any CPU = Debug|Any CPU
		Release|Any CPU = Release|Any CPU
	EndGlobalSection
	GlobalSection(ProjectConfigurationPlatforms) = postSolution
		{6D13D501-6000-420B-AD1E-ED8EFA70BBB8}.Debug|Any CPU.ActiveCfg = Debug|Any CPU
		{6D13D501-6000-420B-AD1E-ED8EFA70BBB8}.Debug|Any CPU.Build.0 = Debug|Any CPU
		{6D13D501-6000-420B-AD1E-ED8EFA70BBB8}.Release|Any CPU.ActiveCfg = Release|Any CPU
		{6D13D501-6000-420B-AD1E-ED8EFA70BBB8}.Release|Any CPU.Build.0 = Release|Any CPU
		{A2F05B6A-8983-4BB9-AD77-21547AD64E40}.Debug|Any CPU.ActiveCfg = Debug|Any CPU
		{A2F05B6A-8983-4BB9-AD77-21547AD64E40}.Debug|Any CPU.Build.0 = Debug|Any CPU
		{A2F05B6A-8983-4BB9-AD77-21547AD64E40}.Release|Any CPU.ActiveCfg = Release|Any CPU
		{A2F05B6A-8983-4BB9-AD77-21547AD64E40}.Release|Any CPU.Build.0 = Release|Any CPU
		{61F28A23-23BF-423F-A39A-7BBEE81C9931}.Debug|Any CPU.ActiveCfg = Debug|Any CPU
		{61F28A23-23BF-423F-A39A-7BBEE81C9931}.Debug|Any CPU.Build.0 = Debug|Any CPU
		{61F28A23-23BF-423F-A39A-7BBEE81C9931}.Release|Any CPU.ActiveCfg = Release|Any CPU
		{61F28A23-23BF-423F-A39A-7BBEE81C9931}.Release|Any CPU.Build.0 = Release|Any CPU
		{87D36312-E8AA-41C3-9342-93054F6C8248}.Debug|Any CPU.ActiveCfg = Debug|Any CPU
		{87D36312-E8AA-41C3-9342-93054F6C8248}.Debug|Any CPU.Build.0 = Debug|Any CPU
		{87D36312-E8AA-41C3-9342-93054F6C8248}.Release|Any CPU.ActiveCfg = Release|Any CPU
		{87D36312-E8AA-41C3-9342-93054F6C8248}.Release|Any CPU.Build.0 = Release|Any CPU
		{448D770C-5694-45F6-B9B2-C3E9F8D63748}.Debug|Any CPU.ActiveCfg = Debug|Any CPU
		{448D770C-5694-45F6-B9B2-C3E9F8D63748}.Debug|Any CPU.Build.0 = Debug|Any CPU
		{448D770C-5694-45F6-B9B2-C3E9F8D63748}.Release|Any CPU.ActiveCfg = Release|Any CPU
		{448D770C-5694-45F6-B9B2-C3E9F8D63748}.Release|Any CPU.Build.0 = Release|Any CPU
		{DF224631-1019-4D79-BAA9-F38B7DFC18E4}.Debug|Any CPU.ActiveCfg = Debug|Any CPU
		{DF224631-1019-4D79-BAA9-F38B7DFC18E4}.Debug|Any CPU.Build.0 = Debug|Any CPU
		{DF224631-1019-4D79-BAA9-F38B7DFC18E4}.Release|Any CPU.ActiveCfg = Release|Any CPU
		{DF224631-1019-4D79-BAA9-F38B7DFC18E4}.Release|Any CPU.Build.0 = Release|Any CPU
		{1E4AB391-5474-401D-B0FB-38AE31AB7372}.Debug|Any CPU.ActiveCfg = Debug|Any CPU
		{1E4AB391-5474-401D-B0FB-38AE31AB7372}.Debug|Any CPU.Build.0 = Debug|Any CPU
		{1E4AB391-5474-401D-B0FB-38AE31AB7372}.Release|Any CPU.ActiveCfg = Release|Any CPU
		{1E4AB391-5474-401D-B0FB-38AE31AB7372}.Release|Any CPU.Build.0 = Release|Any CPU
		{366EB532-0A62-4D39-8EED-858BA709BBFF}.Debug|Any CPU.ActiveCfg = Debug|Any CPU
		{366EB532-0A62-4D39-8EED-858BA709BBFF}.Debug|Any CPU.Build.0 = Debug|Any CPU
		{366EB532-0A62-4D39-8EED-858BA709BBFF}.Release|Any CPU.ActiveCfg = Release|Any CPU
		{366EB532-0A62-4D39-8EED-858BA709BBFF}.Release|Any CPU.Build.0 = Release|Any CPU
		{ED495C9C-8731-4B7D-9AB9-787416B7CFA8}.Debug|Any CPU.ActiveCfg = Debug|Any CPU
		{ED495C9C-8731-4B7D-9AB9-787416B7CFA8}.Debug|Any CPU.Build.0 = Debug|Any CPU
		{ED495C9C-8731-4B7D-9AB9-787416B7CFA8}.Release|Any CPU.ActiveCfg = Release|Any CPU
		{ED495C9C-8731-4B7D-9AB9-787416B7CFA8}.Release|Any CPU.Build.0 = Release|Any CPU
		{AE7E8F1D-B809-4C7B-8C0E-3E06B955B42E}.Debug|Any CPU.ActiveCfg = Debug|Any CPU
		{AE7E8F1D-B809-4C7B-8C0E-3E06B955B42E}.Debug|Any CPU.Build.0 = Debug|Any CPU
		{AE7E8F1D-B809-4C7B-8C0E-3E06B955B42E}.Release|Any CPU.ActiveCfg = Release|Any CPU
		{AE7E8F1D-B809-4C7B-8C0E-3E06B955B42E}.Release|Any CPU.Build.0 = Release|Any CPU
		{E145B41A-140E-43CC-9BA0-8AF79003CAFD}.Debug|Any CPU.ActiveCfg = Debug|Any CPU
		{E145B41A-140E-43CC-9BA0-8AF79003CAFD}.Debug|Any CPU.Build.0 = Debug|Any CPU
		{E145B41A-140E-43CC-9BA0-8AF79003CAFD}.Release|Any CPU.ActiveCfg = Release|Any CPU
		{E145B41A-140E-43CC-9BA0-8AF79003CAFD}.Release|Any CPU.Build.0 = Release|Any CPU
		{E3FA32A5-8EFB-464A-9D31-DA0AEA7CE1BD}.Debug|Any CPU.ActiveCfg = Debug|Any CPU
		{E3FA32A5-8EFB-464A-9D31-DA0AEA7CE1BD}.Debug|Any CPU.Build.0 = Debug|Any CPU
		{E3FA32A5-8EFB-464A-9D31-DA0AEA7CE1BD}.Release|Any CPU.ActiveCfg = Release|Any CPU
		{E3FA32A5-8EFB-464A-9D31-DA0AEA7CE1BD}.Release|Any CPU.Build.0 = Release|Any CPU
		{6A774690-AE1F-4A8D-8A85-6E6B022775EC}.Debug|Any CPU.ActiveCfg = Debug|Any CPU
		{6A774690-AE1F-4A8D-8A85-6E6B022775EC}.Debug|Any CPU.Build.0 = Debug|Any CPU
		{6A774690-AE1F-4A8D-8A85-6E6B022775EC}.Release|Any CPU.ActiveCfg = Release|Any CPU
		{6A774690-AE1F-4A8D-8A85-6E6B022775EC}.Release|Any CPU.Build.0 = Release|Any CPU
		{FFF307E7-567D-478F-A5E9-A7E7C5670A68}.Debug|Any CPU.ActiveCfg = Debug|Any CPU
		{FFF307E7-567D-478F-A5E9-A7E7C5670A68}.Debug|Any CPU.Build.0 = Debug|Any CPU
		{FFF307E7-567D-478F-A5E9-A7E7C5670A68}.Release|Any CPU.ActiveCfg = Release|Any CPU
		{FFF307E7-567D-478F-A5E9-A7E7C5670A68}.Release|Any CPU.Build.0 = Release|Any CPU
		{5D139ECA-0C99-4BBE-9122-61B5F3828905}.Debug|Any CPU.ActiveCfg = Debug|Any CPU
		{5D139ECA-0C99-4BBE-9122-61B5F3828905}.Debug|Any CPU.Build.0 = Debug|Any CPU
		{5D139ECA-0C99-4BBE-9122-61B5F3828905}.Release|Any CPU.ActiveCfg = Release|Any CPU
		{5D139ECA-0C99-4BBE-9122-61B5F3828905}.Release|Any CPU.Build.0 = Release|Any CPU
		{65626844-0D43-4F31-9648-F5E08DECB669}.Debug|Any CPU.ActiveCfg = Debug|Any CPU
		{65626844-0D43-4F31-9648-F5E08DECB669}.Debug|Any CPU.Build.0 = Debug|Any CPU
		{65626844-0D43-4F31-9648-F5E08DECB669}.Release|Any CPU.ActiveCfg = Release|Any CPU
		{65626844-0D43-4F31-9648-F5E08DECB669}.Release|Any CPU.Build.0 = Release|Any CPU
		{10868BE4-894E-4FC0-A130-956EFA933AE3}.Debug|Any CPU.ActiveCfg = Debug|Any CPU
		{10868BE4-894E-4FC0-A130-956EFA933AE3}.Debug|Any CPU.Build.0 = Debug|Any CPU
		{10868BE4-894E-4FC0-A130-956EFA933AE3}.Release|Any CPU.ActiveCfg = Release|Any CPU
		{10868BE4-894E-4FC0-A130-956EFA933AE3}.Release|Any CPU.Build.0 = Release|Any CPU
		{16FBA765-4CC3-4EF5-A70D-6A92BEF0BF55}.Debug|Any CPU.ActiveCfg = Debug|Any CPU
		{16FBA765-4CC3-4EF5-A70D-6A92BEF0BF55}.Debug|Any CPU.Build.0 = Debug|Any CPU
		{16FBA765-4CC3-4EF5-A70D-6A92BEF0BF55}.Release|Any CPU.ActiveCfg = Release|Any CPU
		{16FBA765-4CC3-4EF5-A70D-6A92BEF0BF55}.Release|Any CPU.Build.0 = Release|Any CPU
		{E5ED0C1D-03D7-4919-ACC5-519D06ECD9F0}.Debug|Any CPU.ActiveCfg = Debug|Any CPU
		{E5ED0C1D-03D7-4919-ACC5-519D06ECD9F0}.Debug|Any CPU.Build.0 = Debug|Any CPU
		{E5ED0C1D-03D7-4919-ACC5-519D06ECD9F0}.Release|Any CPU.ActiveCfg = Release|Any CPU
		{E5ED0C1D-03D7-4919-ACC5-519D06ECD9F0}.Release|Any CPU.Build.0 = Release|Any CPU
		{8B7D0F1E-0648-408E-B5D9-61B7E03C4891}.Debug|Any CPU.ActiveCfg = Debug|Any CPU
		{8B7D0F1E-0648-408E-B5D9-61B7E03C4891}.Debug|Any CPU.Build.0 = Debug|Any CPU
		{8B7D0F1E-0648-408E-B5D9-61B7E03C4891}.Release|Any CPU.ActiveCfg = Release|Any CPU
		{8B7D0F1E-0648-408E-B5D9-61B7E03C4891}.Release|Any CPU.Build.0 = Release|Any CPU
		{6295B8C4-0A01-4BC2-8DFE-E5D96B553075}.Debug|Any CPU.ActiveCfg = Debug|Any CPU
		{6295B8C4-0A01-4BC2-8DFE-E5D96B553075}.Debug|Any CPU.Build.0 = Debug|Any CPU
		{6295B8C4-0A01-4BC2-8DFE-E5D96B553075}.Release|Any CPU.ActiveCfg = Release|Any CPU
		{6295B8C4-0A01-4BC2-8DFE-E5D96B553075}.Release|Any CPU.Build.0 = Release|Any CPU
		{6AE7C490-D821-4EC8-9FBC-D39AEB8FFB17}.Debug|Any CPU.ActiveCfg = Debug|Any CPU
		{6AE7C490-D821-4EC8-9FBC-D39AEB8FFB17}.Debug|Any CPU.Build.0 = Debug|Any CPU
		{6AE7C490-D821-4EC8-9FBC-D39AEB8FFB17}.Release|Any CPU.ActiveCfg = Release|Any CPU
		{6AE7C490-D821-4EC8-9FBC-D39AEB8FFB17}.Release|Any CPU.Build.0 = Release|Any CPU
		{A965547D-B148-46F4-A224-B742667B327A}.Debug|Any CPU.ActiveCfg = Debug|Any CPU
		{A965547D-B148-46F4-A224-B742667B327A}.Debug|Any CPU.Build.0 = Debug|Any CPU
		{A965547D-B148-46F4-A224-B742667B327A}.Release|Any CPU.ActiveCfg = Release|Any CPU
		{A965547D-B148-46F4-A224-B742667B327A}.Release|Any CPU.Build.0 = Release|Any CPU
		{3BFCBA58-B007-4DBE-8FCE-1D87C7B7322B}.Debug|Any CPU.ActiveCfg = Debug|Any CPU
		{3BFCBA58-B007-4DBE-8FCE-1D87C7B7322B}.Debug|Any CPU.Build.0 = Debug|Any CPU
		{3BFCBA58-B007-4DBE-8FCE-1D87C7B7322B}.Release|Any CPU.ActiveCfg = Release|Any CPU
		{3BFCBA58-B007-4DBE-8FCE-1D87C7B7322B}.Release|Any CPU.Build.0 = Release|Any CPU
		{508D5501-6D45-432A-AE3B-D6CF4579F8D7}.Debug|Any CPU.ActiveCfg = Debug|Any CPU
		{508D5501-6D45-432A-AE3B-D6CF4579F8D7}.Debug|Any CPU.Build.0 = Debug|Any CPU
		{508D5501-6D45-432A-AE3B-D6CF4579F8D7}.Release|Any CPU.ActiveCfg = Release|Any CPU
		{508D5501-6D45-432A-AE3B-D6CF4579F8D7}.Release|Any CPU.Build.0 = Release|Any CPU
		{F42F5A7D-922B-4895-90AD-9161E290E613}.Debug|Any CPU.ActiveCfg = Debug|Any CPU
		{F42F5A7D-922B-4895-90AD-9161E290E613}.Debug|Any CPU.Build.0 = Debug|Any CPU
		{F42F5A7D-922B-4895-90AD-9161E290E613}.Release|Any CPU.ActiveCfg = Release|Any CPU
		{F42F5A7D-922B-4895-90AD-9161E290E613}.Release|Any CPU.Build.0 = Release|Any CPU
		{6BA6F2E5-91C7-47D1-8D69-E41E563D5B8C}.Debug|Any CPU.ActiveCfg = Debug|Any CPU
		{6BA6F2E5-91C7-47D1-8D69-E41E563D5B8C}.Debug|Any CPU.Build.0 = Debug|Any CPU
		{6BA6F2E5-91C7-47D1-8D69-E41E563D5B8C}.Release|Any CPU.ActiveCfg = Release|Any CPU
		{6BA6F2E5-91C7-47D1-8D69-E41E563D5B8C}.Release|Any CPU.Build.0 = Release|Any CPU
		{70EB628D-14D4-4BDE-B5D2-AECD0E34B534}.Debug|Any CPU.ActiveCfg = Debug|Any CPU
		{70EB628D-14D4-4BDE-B5D2-AECD0E34B534}.Debug|Any CPU.Build.0 = Debug|Any CPU
		{70EB628D-14D4-4BDE-B5D2-AECD0E34B534}.Release|Any CPU.ActiveCfg = Release|Any CPU
		{70EB628D-14D4-4BDE-B5D2-AECD0E34B534}.Release|Any CPU.Build.0 = Release|Any CPU
		{E8260A47-FFA8-4313-A9A4-0496FDB6AF77}.Debug|Any CPU.ActiveCfg = Debug|Any CPU
		{E8260A47-FFA8-4313-A9A4-0496FDB6AF77}.Debug|Any CPU.Build.0 = Debug|Any CPU
		{E8260A47-FFA8-4313-A9A4-0496FDB6AF77}.Release|Any CPU.ActiveCfg = Release|Any CPU
		{E8260A47-FFA8-4313-A9A4-0496FDB6AF77}.Release|Any CPU.Build.0 = Release|Any CPU
		{6EAFE14F-E147-4DC1-8F5E-CC61E10E9D36}.Debug|Any CPU.ActiveCfg = Debug|Any CPU
		{6EAFE14F-E147-4DC1-8F5E-CC61E10E9D36}.Debug|Any CPU.Build.0 = Debug|Any CPU
		{6EAFE14F-E147-4DC1-8F5E-CC61E10E9D36}.Release|Any CPU.ActiveCfg = Release|Any CPU
		{6EAFE14F-E147-4DC1-8F5E-CC61E10E9D36}.Release|Any CPU.Build.0 = Release|Any CPU
		{CE279817-7F04-4AED-87F6-11D7F9DB3549}.Debug|Any CPU.ActiveCfg = Debug|Any CPU
		{CE279817-7F04-4AED-87F6-11D7F9DB3549}.Debug|Any CPU.Build.0 = Debug|Any CPU
		{CE279817-7F04-4AED-87F6-11D7F9DB3549}.Release|Any CPU.ActiveCfg = Release|Any CPU
		{CE279817-7F04-4AED-87F6-11D7F9DB3549}.Release|Any CPU.Build.0 = Release|Any CPU
		{CE8473CD-DD50-4EBB-B20F-33E60B509D44}.Debug|Any CPU.ActiveCfg = Debug|Any CPU
		{CE8473CD-DD50-4EBB-B20F-33E60B509D44}.Debug|Any CPU.Build.0 = Debug|Any CPU
		{CE8473CD-DD50-4EBB-B20F-33E60B509D44}.Release|Any CPU.ActiveCfg = Release|Any CPU
		{CE8473CD-DD50-4EBB-B20F-33E60B509D44}.Release|Any CPU.Build.0 = Release|Any CPU
		{EAD0F9B8-862B-4812-843E-374D1A2FA74B}.Debug|Any CPU.ActiveCfg = Debug|Any CPU
		{EAD0F9B8-862B-4812-843E-374D1A2FA74B}.Debug|Any CPU.Build.0 = Debug|Any CPU
		{EAD0F9B8-862B-4812-843E-374D1A2FA74B}.Release|Any CPU.ActiveCfg = Release|Any CPU
		{EAD0F9B8-862B-4812-843E-374D1A2FA74B}.Release|Any CPU.Build.0 = Release|Any CPU
		{BA82F45B-627B-44AA-90D5-63B09A01A40C}.Debug|Any CPU.ActiveCfg = Debug|Any CPU
		{BA82F45B-627B-44AA-90D5-63B09A01A40C}.Debug|Any CPU.Build.0 = Debug|Any CPU
		{BA82F45B-627B-44AA-90D5-63B09A01A40C}.Release|Any CPU.ActiveCfg = Release|Any CPU
		{BA82F45B-627B-44AA-90D5-63B09A01A40C}.Release|Any CPU.Build.0 = Release|Any CPU
		{2A73A9A9-48F3-4069-8E2B-5712B9F68A69}.Debug|Any CPU.ActiveCfg = Debug|Any CPU
		{2A73A9A9-48F3-4069-8E2B-5712B9F68A69}.Debug|Any CPU.Build.0 = Debug|Any CPU
		{2A73A9A9-48F3-4069-8E2B-5712B9F68A69}.Release|Any CPU.ActiveCfg = Release|Any CPU
		{2A73A9A9-48F3-4069-8E2B-5712B9F68A69}.Release|Any CPU.Build.0 = Release|Any CPU
		{7DA8AC96-5612-48E2-A244-37530CF6FC4B}.Debug|Any CPU.ActiveCfg = Debug|Any CPU
		{7DA8AC96-5612-48E2-A244-37530CF6FC4B}.Debug|Any CPU.Build.0 = Debug|Any CPU
		{7DA8AC96-5612-48E2-A244-37530CF6FC4B}.Release|Any CPU.ActiveCfg = Release|Any CPU
		{7DA8AC96-5612-48E2-A244-37530CF6FC4B}.Release|Any CPU.Build.0 = Release|Any CPU
		{21A8D80D-324B-4BA6-B199-D041664A7F42}.Debug|Any CPU.ActiveCfg = Debug|Any CPU
		{21A8D80D-324B-4BA6-B199-D041664A7F42}.Debug|Any CPU.Build.0 = Debug|Any CPU
		{21A8D80D-324B-4BA6-B199-D041664A7F42}.Release|Any CPU.ActiveCfg = Release|Any CPU
		{21A8D80D-324B-4BA6-B199-D041664A7F42}.Release|Any CPU.Build.0 = Release|Any CPU
		{459FA557-FE79-492D-8E27-52F91A075815}.Debug|Any CPU.ActiveCfg = Debug|Any CPU
		{459FA557-FE79-492D-8E27-52F91A075815}.Debug|Any CPU.Build.0 = Debug|Any CPU
		{459FA557-FE79-492D-8E27-52F91A075815}.Release|Any CPU.ActiveCfg = Release|Any CPU
		{459FA557-FE79-492D-8E27-52F91A075815}.Release|Any CPU.Build.0 = Release|Any CPU
	EndGlobalSection
	GlobalSection(SolutionProperties) = preSolution
		HideSolutionNode = FALSE
	EndGlobalSection
	GlobalSection(NestedProjects) = preSolution
		{ED495C9C-8731-4B7D-9AB9-787416B7CFA8} = {766B2760-2258-40E0-912C-01538F78CF67}
		{AE7E8F1D-B809-4C7B-8C0E-3E06B955B42E} = {766B2760-2258-40E0-912C-01538F78CF67}
		{E145B41A-140E-43CC-9BA0-8AF79003CAFD} = {766B2760-2258-40E0-912C-01538F78CF67}
		{E3FA32A5-8EFB-464A-9D31-DA0AEA7CE1BD} = {766B2760-2258-40E0-912C-01538F78CF67}
		{6A774690-AE1F-4A8D-8A85-6E6B022775EC} = {EFAA3B61-C417-44EE-A082-3032C7519DA0}
		{FFF307E7-567D-478F-A5E9-A7E7C5670A68} = {EFAA3B61-C417-44EE-A082-3032C7519DA0}
		{5D139ECA-0C99-4BBE-9122-61B5F3828905} = {EFAA3B61-C417-44EE-A082-3032C7519DA0}
		{65626844-0D43-4F31-9648-F5E08DECB669} = {EFAA3B61-C417-44EE-A082-3032C7519DA0}
		{10868BE4-894E-4FC0-A130-956EFA933AE3} = {2DE394F1-71B7-4610-B15D-F1870DA95585}
		{16FBA765-4CC3-4EF5-A70D-6A92BEF0BF55} = {2DE394F1-71B7-4610-B15D-F1870DA95585}
		{E5ED0C1D-03D7-4919-ACC5-519D06ECD9F0} = {4586BA96-A8F2-4C51-A06A-1B0647546FA5}
		{8B7D0F1E-0648-408E-B5D9-61B7E03C4891} = {4586BA96-A8F2-4C51-A06A-1B0647546FA5}
		{6295B8C4-0A01-4BC2-8DFE-E5D96B553075} = {9DBD69B2-EF46-4F45-9F27-86B5AA9CE676}
		{6AE7C490-D821-4EC8-9FBC-D39AEB8FFB17} = {39869FD2-0FF0-45EF-B7A1-D92B4830F37A}
		{A965547D-B148-46F4-A224-B742667B327A} = {39869FD2-0FF0-45EF-B7A1-D92B4830F37A}
		{3BFCBA58-B007-4DBE-8FCE-1D87C7B7322B} = {4586BA96-A8F2-4C51-A06A-1B0647546FA5}
		{508D5501-6D45-432A-AE3B-D6CF4579F8D7} = {4586BA96-A8F2-4C51-A06A-1B0647546FA5}
		{F42F5A7D-922B-4895-90AD-9161E290E613} = {46C47C80-8A12-4FE8-B86F-67CCB7032A61}
		{6BA6F2E5-91C7-47D1-8D69-E41E563D5B8C} = {46C47C80-8A12-4FE8-B86F-67CCB7032A61}
		{70EB628D-14D4-4BDE-B5D2-AECD0E34B534} = {46C47C80-8A12-4FE8-B86F-67CCB7032A61}
		{E8260A47-FFA8-4313-A9A4-0496FDB6AF77} = {4586BA96-A8F2-4C51-A06A-1B0647546FA5}
		{6EAFE14F-E147-4DC1-8F5E-CC61E10E9D36} = {4586BA96-A8F2-4C51-A06A-1B0647546FA5}
		{CE279817-7F04-4AED-87F6-11D7F9DB3549} = {4586BA96-A8F2-4C51-A06A-1B0647546FA5}
		{CE8473CD-DD50-4EBB-B20F-33E60B509D44} = {46C47C80-8A12-4FE8-B86F-67CCB7032A61}
		{EAD0F9B8-862B-4812-843E-374D1A2FA74B} = {46C47C80-8A12-4FE8-B86F-67CCB7032A61}
		{BA82F45B-627B-44AA-90D5-63B09A01A40C} = {02EA681E-C7D8-13C7-8484-4AC65E1B71E8}
		{2A73A9A9-48F3-4069-8E2B-5712B9F68A69} = {39869FD2-0FF0-45EF-B7A1-D92B4830F37A}
		{7DA8AC96-5612-48E2-A244-37530CF6FC4B} = {39869FD2-0FF0-45EF-B7A1-D92B4830F37A}
		{21A8D80D-324B-4BA6-B199-D041664A7F42} = {02EA681E-C7D8-13C7-8484-4AC65E1B71E8}
		{459FA557-FE79-492D-8E27-52F91A075815} = {52A3368E-F9C6-4BFA-8305-8D5270DC21CB}
	EndGlobalSection
	GlobalSection(ExtensibilityGlobals) = postSolution
		SolutionGuid = {1FA1192B-BF96-4B86-A6F9-91972D7C9F53}
	EndGlobalSection
EndGlobal
